
Microsoft Visual Studio Solution File, Format Version 12.00
# Visual Studio Version 16
VisualStudioVersion = 16.0.30804.86
MinimumVisualStudioVersion = 10.0.40219.1
Project("{FAE04EC0-301F-11D3-BF4B-00C04F79EFBC}") = "TestNet5", "TestNet5\TestNet5.csproj", "{FD0E776D-C574-4B2F-AB20-924FF1A19337}"
EndProject
Global
	GlobalSection(SolutionConfigurationPlatforms) = preSolution
		Debug|Any CPU = Debug|Any CPU
		Release|Any CPU = Release|Any CPU
	EndGlobalSection
	GlobalSection(ProjectConfigurationPlatforms) = postSolution
		{FD0E776D-C574-4B2F-AB20-924FF1A19337}.Debug|Any CPU.ActiveCfg = Debug|Any CPU
		{FD0E776D-C574-4B2F-AB20-924FF1A19337}.Debug|Any CPU.Build.0 = Debug|Any CPU
		{FD0E776D-C574-4B2F-AB20-924FF1A19337}.Release|Any CPU.ActiveCfg = Release|Any CPU
		{FD0E776D-C574-4B2F-AB20-924FF1A19337}.Release|Any CPU.Build.0 = Release|Any CPU
	EndGlobalSection
	GlobalSection(SolutionProperties) = preSolution
		HideSolutionNode = FALSE
	EndGlobalSection
	GlobalSection(ExtensibilityGlobals) = postSolution
		SolutionGuid = {795518C1-DCC6-4A8F-81A8-FFE41D5DB74F}
	EndGlobalSection
EndGlobal
